version = 1
revision = 3
requires-python = ">=3.11"

[[package]]
name = "pyside6"
version = "6.9.3"
source = { registry = "https://pypi.org/simple" }
dependencies = [
    { name = "pyside6-addons" },
    { name = "pyside6-essentials" },
    { name = "shiboken6" },
]
wheels = [
    { url = "https://files.pythonhosted.org/packages/fe/15/1fa71e44d3b345b9eca82d38cf7e6d7505168b978fe98b3610c0e25d8c0e/pyside6-6.9.3-cp39-abi3-macosx_12_0_universal2.whl", hash = "sha256:6fd9fbbc14e2a5707df611bfacbf3f71283c637b8a29b28708801eeb28bfcb69", size = 554720, upload-time = "2025-09-30T12:02:07.235Z" },
    { url = "https://files.pythonhosted.org/packages/34/0e/1e9841cc46196c55ac3eac0b8e08044a88cc70c8cc29e9dc1e33b2ced2b7/pyside6-6.9.3-cp39-abi3-manylinux_2_28_x86_64.whl", hash = "sha256:6485aebec8eba4e55d1ec1cebe68ca1413589880cc8ccd8a49acae852ec6cfb3", size = 554849, upload-time = "2025-09-30T12:02:08.909Z" },
    { url = "https://files.pythonhosted.org/packages/3d/6b/6aeb7124a5c08ac537776d7d0be1011cf22ccfc6f95cf901fe1eb1a16e91/pyside6-6.9.3-cp39-abi3-manylinux_2_39_aarch64.whl", hash = "sha256:8f4ff61b24a64153373b68a96339bd765fc010d02c4d98d0f6dba2a6c9686e11", size = 554846, upload-time = "2025-09-30T12:02:10.762Z" },
    { url = "https://files.pythonhosted.org/packages/6e/29/4eb0ab29ee7d60da4c5fefdb514c22ae3c91c3f855f46608cfbe23816518/pyside6-6.9.3-cp39-abi3-win_amd64.whl", hash = "sha256:71b41b9ebd1c044c3777f2b32278d3919f07bda4f15c504bc165b643bc3cec01", size = 561082, upload-time = "2025-09-30T12:02:12.411Z" },
    { url = "https://files.pythonhosted.org/packages/3f/c2/b936d50974a14846ccb883cbce0034ec431e1013af7f2aa29d3746a1565f/pyside6-6.9.3-cp39-abi3-win_arm64.whl", hash = "sha256:33fb70addd02e1adaa45573485c431bca43cf12bb7b2596535b824ff169138ce", size = 545910, upload-time = "2025-09-30T12:02:13.746Z" },
]

[[package]]
name = "pyside6-addons"
version = "6.9.3"
source = { registry = "https://pypi.org/simple" }
dependencies = [
    { name = "pyside6-essentials" },
    { name = "shiboken6" },
]
wheels = [
    { url = "https://files.pythonhosted.org/packages/23/56/714c55e4514ec6603be8126355baf416e507557a73e7fc76870e6f5c20b9/pyside6_addons-6.9.3-cp39-abi3-macosx_12_0_universal2.whl", hash = "sha256:189c9a9a2fdaffa95e91731f5c0afdc47ba231f5f683d3f8977b22c233749ba4", size = 316906068, upload-time = "2025-09-30T12:03:28.268Z" },
    { url = "https://files.pythonhosted.org/packages/17/fe/d5c67665f866b8859d02aa1a859f101a1b2fd348cb61746a3e16fd98fb20/pyside6_addons-6.9.3-cp39-abi3-manylinux_2_28_x86_64.whl", hash = "sha256:68932327e1c33d729d79b2b94242f97b77601efe0427e757cd3fd588939ea479", size = 167175405, upload-time = "2025-09-30T12:04:11.793Z" },
    { url = "https://files.pythonhosted.org/packages/66/f2/66da0d8ba8e4eb934d2bb042f2199664d2366c121844e36376f724b53fd9/pyside6_addons-6.9.3-cp39-abi3-manylinux_2_39_aarch64.whl", hash = "sha256:61f4f4859bd1711eea2202fe364a701597140ed4f3900ddf1f90d91ae631fdf9", size = 163102125, upload-time = "2025-09-30T12:04:55.193Z" },
    { url = "https://files.pythonhosted.org/packages/d7/fb/849599666942ce35e9f250bce1abc7b1248eccdcbe8b3fe697a0f98a1326/pyside6_addons-6.9.3-cp39-abi3-win_amd64.whl", hash = "sha256:0aece2a81ccf16ef9b750b09601b6876aa116bbc700e848ce82df42906f04c5c", size = 160681555, upload-time = "2025-09-30T12:05:36.44Z" },
    { url = "https://files.pythonhosted.org/packages/b1/2d/e71face0149519d6ded4e77b5c5e266c094ce5ef8c5c96c2af2f0afadf3c/pyside6_addons-6.9.3-cp39-abi3-win_arm64.whl", hash = "sha256:3b8749c9c2b297f53c980192e89ce38ac59019f290a2669fe1abb3128f9a09d9", size = 33759045, upload-time = "2025-09-30T12:05:48.373Z" },
]

[[package]]
name = "pyside6-essentials"
version = "6.9.3"
source = { registry = "https://pypi.org/simple" }
dependencies = [
    { name = "shiboken6" },
]
wheels = [
    { url = "https://files.pythonhosted.org/packages/80/a9/51549844900837c70e5c89cbd840956c2533732ef4f05c2b656e35ca8182/pyside6_essentials-6.9.3-cp39-abi3-macosx_12_0_universal2.whl", hash = "sha256:ad3664ff0ced9f92ed7872e512c86328894d29f262e6c3400400232a36dda357", size = 134586559, upload-time = "2025-09-30T12:06:22.681Z" },
    { url = "https://files.pythonhosted.org/packages/85/e8/9396cf11a60f80175bb3c5c1d498d84e87b7af653ab4ea001acf821a3981/pyside6_essentials-6.9.3-cp39-abi3-manylinux_2_28_x86_64.whl", hash = "sha256:c70d5544e892b201a677b615156fab6a0fef865e7fc287f55a0eae00a682e83f", size = 97495307, upload-time = "2025-09-30T12:06:49.213Z" },
    { url = "https://files.pythonhosted.org/packages/57/a5/0187b2845a6fa534217988f9351c0b85ba1c04e8fd31f1e3c13ba1c4386e/pyside6_essentials-6.9.3-cp39-abi3-manylinux_2_39_aarch64.whl", hash = "sha256:e22e517c592657e291c0cbe7d04078ab415cb225188d7e895f8f7adcdba755d2", size = 95199568, upload-time = "2025-09-30T12:07:13.726Z" },
    { url = "https://files.pythonhosted.org/packages/a0/52/b558c79bc32310361a37d1e894c2251a3557daec380be5f6d2a9223e8ef3/pyside6_essentials-6.9.3-cp39-abi3-win_amd64.whl", hash = "sha256:21f98077c135864473089e59a6a0bd828e64c6644b3dd7267b102da4a2ee8f21", size = 73593457, upload-time = "2025-09-30T12:07:33.98Z" },
    { url = "https://files.pythonhosted.org/packages/d2/22/4ec828f6360e6e9bcd6fde2dec20fa4865fe1a77cb6bac6812f7d0aa55b3/pyside6_essentials-6.9.3-cp39-abi3-win_arm64.whl", hash = "sha256:2e34081933e005686d79265cc04370a28fea3844ab63d432e493adcd4465070c", size = 54301788, upload-time = "2025-09-30T12:07:49.504Z" },
]

[[package]]
name = "shiboken6"
version = "6.9.3"
source = { registry = "https://pypi.org/simple" }
wheels = [
    { url = "https://files.pythonhosted.org/packages/6b/ed/eac552326349629f8c3a89b57a754a860d9665aea78c172777395905d36b/shiboken6-6.9.3-cp39-abi3-macosx_12_0_universal2.whl", hash = "sha256:e9b240828790b8e21a50e66449a5aa8b99f9b8a538c80c1a325fa04f8364985e", size = 400999, upload-time = "2025-09-30T12:00:08.123Z" },
    { url = "https://files.pythonhosted.org/packages/be/82/c1c6932f9849bc5e75c93c38a29419505a6e3e0037261e28f3e7ecbf2751/shiboken6-6.9.3-cp39-abi3-manylinux_2_28_x86_64.whl", hash = "sha256:f3f5337a3a8fc660ba1462265bd9a2bdda9588f8d90fbc3d5ac4ce3134c11e59", size = 204927, upload-time = "2025-09-30T12:00:10.334Z" },
    { url = "https://files.pythonhosted.org/packages/4a/fc/026f4c8660494e513fd8c6d95d4d694d490795c6880f1fd23ec996a83e13/shiboken6-6.9.3-cp39-abi3-manylinux_2_39_aarch64.whl", hash = "sha256:f66e82510e3a3170a42e3ef865329559b69811ce83102ad1ee57920319427c10", size = 200684, upload-time = "2025-09-30T12:00:11.967Z" },
    { url = "https://files.pythonhosted.org/packages/50/be/f6bb3fc89623dd01ac67cd6be357e585ea5081536b275008b6c8d6fa7c28/shiboken6-6.9.3-cp39-abi3-win_amd64.whl", hash = "sha256:f1498176d2d5bcade7d662e1fc5143980fb008b6c78b966289d29a4ae86cd0c6", size = 1166242, upload-time = "2025-09-30T12:00:13.447Z" },
    { url = "https://files.pythonhosted.org/packages/c1/66/097a5f80ed1058071466c8c4fd72f94886851f6e03028f980ef0c42a7b54/shiboken6-6.9.3-cp39-abi3-win_arm64.whl", hash = "sha256:0c87bcfd483a1980794e03cf5ec6b2061691a1b075f92b78edb0d13847139ecf", size = 1727949, upload-time = "2025-09-30T12:00:15.23Z" },
]

[[package]]
name = "w3stringsx-gui"
version = "2.0.0"
source = { editable = "." }
dependencies = [
    { name = "pyside6" },
    { name = "w3stringsx-lib" },
    { name = "w3stringsx-svc" },
]

[package.metadata]
requires-dist = [
    { name = "pyside6", specifier = ">=6.9.2" },
    { name = "w3stringsx-lib", directory = "../lib" },
    { name = "w3stringsx-svc", directory = "../svc" },
]

[[package]]
name = "w3stringsx-lib"
version = "2.0.0"
source = { directory = "../lib" }

[[package]]
name = "w3stringsx-svc"
version = "2.0.0"
source = { directory = "../svc" }
dependencies = [
    { name = "w3stringsx-lib" },
]

[package.metadata]
requires-dist = [{ name = "w3stringsx-lib", directory = "../lib" }]
